PODS:
  - BOShareComposer (0.2.1):
    - Kanna (~> 1.1)
    - SnapKit (= 0.21.1)
  - Kanna (1.1.0)
  - SnapKit (0.21.1)

DEPENDENCIES:
  - BOShareComposer (from `../`)

EXTERNAL SOURCES:
  BOShareComposer:
    :path: "../"

SPEC CHECKSUMS:
  BOShareComposer: 325010e86fb2040802bd14e3b3a71b185200ec53
  Kanna: 355ed0193e5d8caf4fd996856b5bc98d586c11b6
  SnapKit: bbad04cb016c7cead63965f16b00c09318d271ee

PODFILE CHECKSUM: 34105de0c22ed3618df2454faee766a693725c3d

COCOAPODS: 1.1.0.beta.1
